
Microsoft Visual Studio Solution File, Format Version 12.00
# Visual Studio Version 17
VisualStudioVersion = 17.6.33723.286
MinimumVisualStudioVersion = 10.0.40219.1
Project("{FAE04EC0-301F-11D3-BF4B-00C04F79EFBC}") = "PFundamentos", "PFundamentos\PFundamentos.csproj", "{28DC6B1D-8548-4259-9C25-465874B35093}"
EndProject
Global
	GlobalSection(SolutionConfigurationPlatforms) = preSolution
		Debug|Any CPU = Debug|Any CPU
		Release|Any CPU = Release|Any CPU
	EndGlobalSection
	GlobalSection(ProjectConfigurationPlatforms) = postSolution
		{28DC6B1D-8548-4259-9C25-465874B35093}.Debug|Any CPU.ActiveCfg = Debug|Any CPU
		{28DC6B1D-8548-4259-9C25-465874B35093}.Debug|Any CPU.Build.0 = Debug|Any CPU
		{28DC6B1D-8548-4259-9C25-465874B35093}.Release|Any CPU.ActiveCfg = Release|Any CPU
		{28DC6B1D-8548-4259-9C25-465874B35093}.Release|Any CPU.Build.0 = Release|Any CPU
	EndGlobalSection
	GlobalSection(SolutionProperties) = preSolution
		HideSolutionNode = FALSE
	EndGlobalSection
	GlobalSection(ExtensibilityGlobals) = postSolution
		SolutionGuid = {4AAB2F97-2FD0-469D-A186-DF355296F374}
	EndGlobalSection
EndGlobal
